
Microsoft Visual Studio Solution File, Format Version 12.00
# Visual Studio Version 16
VisualStudioVersion = 16.0.31702.278
MinimumVisualStudioVersion = 10.0.40219.1
Project("{9A19103F-16F7-4668-BE54-9A1E7A4F7556}") = "MonobankApi", "MonobankApi\MonobankApi.csproj", "{05EAEF8B-FCDA-470C-86D3-BFC5D39501E6}"
EndProject
Global
	GlobalSection(SolutionConfigurationPlatforms) = preSolution
		Debug|Any CPU = Debug|Any CPU
		Release|Any CPU = Release|Any CPU
	EndGlobalSection
	GlobalSection(ProjectConfigurationPlatforms) = postSolution
		{05EAEF8B-FCDA-470C-86D3-BFC5D39501E6}.Debug|Any CPU.ActiveCfg = Debug|Any CPU
		{05EAEF8B-FCDA-470C-86D3-BFC5D39501E6}.Debug|Any CPU.Build.0 = Debug|Any CPU
		{05EAEF8B-FCDA-470C-86D3-BFC5D39501E6}.Release|Any CPU.ActiveCfg = Release|Any CPU
		{05EAEF8B-FCDA-470C-86D3-BFC5D39501E6}.Release|Any CPU.Build.0 = Release|Any CPU
	EndGlobalSection
	GlobalSection(SolutionProperties) = preSolution
		HideSolutionNode = FALSE
	EndGlobalSection
	GlobalSection(ExtensibilityGlobals) = postSolution
		SolutionGuid = {06D9CEAB-82E6-4010-A0FD-4E82C8AF34AC}
	EndGlobalSection
EndGlobal
